
Microsoft Visual Studio Solution File, Format Version 12.00
# Visual Studio Version 16
VisualStudioVersion = 16.0.29009.5
MinimumVisualStudioVersion = 10.0.40219.1
Project("{9A19103F-16F7-4668-BE54-9A1E7A4F7556}") = "Roleplay.Client", "Roleplay.Client\Roleplay.Client.csproj", "{920A5DBB-7FBF-4B35-9004-E0F5DFE951B2}"
EndProject
Project("{9A19103F-16F7-4668-BE54-9A1E7A4F7556}") = "Roleplay.Server", "Roleplay.Server\Roleplay.Server.csproj", "{D31848B5-9CDD-4AA8-8BD0-DA5BD1421C78}"
EndProject
Global
	GlobalSection(SolutionConfigurationPlatforms) = preSolution
		Debug|Any CPU = Debug|Any CPU
		Release|Any CPU = Release|Any CPU
	EndGlobalSection
	GlobalSection(ProjectConfigurationPlatforms) = postSolution
		{920A5DBB-7FBF-4B35-9004-E0F5DFE951B2}.Debug|Any CPU.ActiveCfg = Debug|Any CPU
		{920A5DBB-7FBF-4B35-9004-E0F5DFE951B2}.Debug|Any CPU.Build.0 = Debug|Any CPU
		{920A5DBB-7FBF-4B35-9004-E0F5DFE951B2}.Release|Any CPU.ActiveCfg = Release|Any CPU
		{920A5DBB-7FBF-4B35-9004-E0F5DFE951B2}.Release|Any CPU.Build.0 = Release|Any CPU
		{D31848B5-9CDD-4AA8-8BD0-DA5BD1421C78}.Debug|Any CPU.ActiveCfg = Debug|Any CPU
		{D31848B5-9CDD-4AA8-8BD0-DA5BD1421C78}.Debug|Any CPU.Build.0 = Debug|Any CPU
		{D31848B5-9CDD-4AA8-8BD0-DA5BD1421C78}.Release|Any CPU.ActiveCfg = Release|Any CPU
		{D31848B5-9CDD-4AA8-8BD0-DA5BD1421C78}.Release|Any CPU.Build.0 = Release|Any CPU
	EndGlobalSection
	GlobalSection(SolutionProperties) = preSolution
		HideSolutionNode = FALSE
	EndGlobalSection
	GlobalSection(ExtensibilityGlobals) = postSolution
		SolutionGuid = {E17B171C-5BEB-44E4-8955-93A3A6AA61B9}
	EndGlobalSection
EndGlobal
